
Microsoft Visual Studio Solution File, Format Version 12.00
# Visual Studio Version 17
VisualStudioVersion = 17.13.35919.96
MinimumVisualStudioVersion = 10.0.40219.1
Project("{9A19103F-16F7-4668-BE54-9A1E7A4F7556}") = "ShoeCompany", "ShoeCompany\ShoeCompany.csproj", "{337C3820-BBD8-404F-B648-9C7C6309AC60}"
EndProject
Project("{FAE04EC0-301F-11D3-BF4B-00C04F79EFBC}") = "SBusNet8AoTWin", "ShoeCoNet8AoTWin\SBusNet8AoTWin.csproj", "{F1417D0D-753E-4311-A538-934453918FAE}"
EndProject
Project("{FAE04EC0-301F-11D3-BF4B-00C04F79EFBC}") = "ShoeCoNet8Lin", "ShoeCoNet8Lin\ShoeCoNet8Lin.csproj", "{54C59C0A-2171-4EFB-AE9F-5CCCD633C3FC}"
EndProject
Global
	GlobalSection(SolutionConfigurationPlatforms) = preSolution
		Debug|Any CPU = Debug|Any CPU
		Release|Any CPU = Release|Any CPU
	EndGlobalSection
	GlobalSection(ProjectConfigurationPlatforms) = postSolution
		{337C3820-BBD8-404F-B648-9C7C6309AC60}.Debug|Any CPU.ActiveCfg = Debug|Any CPU
		{337C3820-BBD8-404F-B648-9C7C6309AC60}.Debug|Any CPU.Build.0 = Debug|Any CPU
		{337C3820-BBD8-404F-B648-9C7C6309AC60}.Release|Any CPU.ActiveCfg = Release|Any CPU
		{337C3820-BBD8-404F-B648-9C7C6309AC60}.Release|Any CPU.Build.0 = Release|Any CPU
		{F1417D0D-753E-4311-A538-934453918FAE}.Debug|Any CPU.ActiveCfg = Debug|Any CPU
		{F1417D0D-753E-4311-A538-934453918FAE}.Debug|Any CPU.Build.0 = Debug|Any CPU
		{F1417D0D-753E-4311-A538-934453918FAE}.Release|Any CPU.ActiveCfg = Release|Any CPU
		{F1417D0D-753E-4311-A538-934453918FAE}.Release|Any CPU.Build.0 = Release|Any CPU
		{54C59C0A-2171-4EFB-AE9F-5CCCD633C3FC}.Debug|Any CPU.ActiveCfg = Debug|Any CPU
		{54C59C0A-2171-4EFB-AE9F-5CCCD633C3FC}.Debug|Any CPU.Build.0 = Debug|Any CPU
		{54C59C0A-2171-4EFB-AE9F-5CCCD633C3FC}.Release|Any CPU.ActiveCfg = Release|Any CPU
		{54C59C0A-2171-4EFB-AE9F-5CCCD633C3FC}.Release|Any CPU.Build.0 = Release|Any CPU
	EndGlobalSection
	GlobalSection(SolutionProperties) = preSolution
		HideSolutionNode = FALSE
	EndGlobalSection
	GlobalSection(ExtensibilityGlobals) = postSolution
		SolutionGuid = {6A674B55-E0BD-44CF-9F80-DD12EE2670ED}
	EndGlobalSection
EndGlobal
